
Microsoft Visual Studio Solution File, Format Version 12.00
# Visual Studio Version 17
VisualStudioVersion = 17.0.31612.314
MinimumVisualStudioVersion = 10.0.40219.1
Project("{9A19103F-16F7-4668-BE54-9A1E7A4F7556}") = "Sqlite加解密_Net5", "Sqlite加解密_Net5\Sqlite加解密_Net5.csproj", "{EF2D4716-6F9E-49F1-A669-E715986B012C}"
EndProject
Project("{9A19103F-16F7-4668-BE54-9A1E7A4F7556}") = "Nlog记录日志到Sqlite并加密_Net5Wpf", "Nlog记录日志到Sqlite并加密_Net5Wpf\Nlog记录日志到Sqlite并加密_Net5Wpf.csproj", "{E6517DB2-9792-4F18-A145-468C5FE47553}"
EndProject
Project("{9A19103F-16F7-4668-BE54-9A1E7A4F7556}") = "Wpf调用摄像头", "Wpf调用摄像头\Wpf调用摄像头.csproj", "{66C4435A-1612-45D8-8877-18DA76B633BD}"
EndProject
Project("{FAE04EC0-301F-11D3-BF4B-00C04F79EFBC}") = "WebApp代码格式", "WebApp代码格式\WebApp代码格式.csproj", "{BA9579C6-8213-4B81-951A-7F591CB93F67}"
EndProject
Global
	GlobalSection(SolutionConfigurationPlatforms) = preSolution
		Debug|Any CPU = Debug|Any CPU
		Release|Any CPU = Release|Any CPU
	EndGlobalSection
	GlobalSection(ProjectConfigurationPlatforms) = postSolution
		{EF2D4716-6F9E-49F1-A669-E715986B012C}.Debug|Any CPU.ActiveCfg = Debug|Any CPU
		{EF2D4716-6F9E-49F1-A669-E715986B012C}.Debug|Any CPU.Build.0 = Debug|Any CPU
		{EF2D4716-6F9E-49F1-A669-E715986B012C}.Release|Any CPU.ActiveCfg = Release|Any CPU
		{EF2D4716-6F9E-49F1-A669-E715986B012C}.Release|Any CPU.Build.0 = Release|Any CPU
		{E6517DB2-9792-4F18-A145-468C5FE47553}.Debug|Any CPU.ActiveCfg = Debug|Any CPU
		{E6517DB2-9792-4F18-A145-468C5FE47553}.Debug|Any CPU.Build.0 = Debug|Any CPU
		{E6517DB2-9792-4F18-A145-468C5FE47553}.Release|Any CPU.ActiveCfg = Release|Any CPU
		{E6517DB2-9792-4F18-A145-468C5FE47553}.Release|Any CPU.Build.0 = Release|Any CPU
		{66C4435A-1612-45D8-8877-18DA76B633BD}.Debug|Any CPU.ActiveCfg = Debug|x86
		{66C4435A-1612-45D8-8877-18DA76B633BD}.Debug|Any CPU.Build.0 = Debug|x86
		{66C4435A-1612-45D8-8877-18DA76B633BD}.Release|Any CPU.ActiveCfg = Release|Any CPU
		{66C4435A-1612-45D8-8877-18DA76B633BD}.Release|Any CPU.Build.0 = Release|Any CPU
		{BA9579C6-8213-4B81-951A-7F591CB93F67}.Debug|Any CPU.ActiveCfg = Debug|Any CPU
		{BA9579C6-8213-4B81-951A-7F591CB93F67}.Debug|Any CPU.Build.0 = Debug|Any CPU
		{BA9579C6-8213-4B81-951A-7F591CB93F67}.Release|Any CPU.ActiveCfg = Release|Any CPU
		{BA9579C6-8213-4B81-951A-7F591CB93F67}.Release|Any CPU.Build.0 = Release|Any CPU
	EndGlobalSection
	GlobalSection(SolutionProperties) = preSolution
		HideSolutionNode = FALSE
	EndGlobalSection
	GlobalSection(ExtensibilityGlobals) = postSolution
		SolutionGuid = {468CFC5E-0091-449E-8208-A5B53A022D24}
	EndGlobalSection
EndGlobal
